
Microsoft Visual Studio Solution File, Format Version 12.00
# Visual Studio Version 17
VisualStudioVersion = 17.3.32922.545
MinimumVisualStudioVersion = 10.0.40219.1
Project("{FAE04EC0-301F-11D3-BF4B-00C04F79EFBC}") = "CalisanMaasHesapla.Lib", "CalisanMaasHesapla.Lib\CalisanMaasHesapla.Lib.csproj", "{5790923C-77E9-4ECB-865C-D11E85ABDBDF}"
EndProject
Project("{FAE04EC0-301F-11D3-BF4B-00C04F79EFBC}") = "CalisanMaasHesapla.App", "CalisanMaasHesapla.App\CalisanMaasHesapla.App.csproj", "{EC428833-0E71-4E51-B404-E7EA4595654B}"
EndProject
Global
	GlobalSection(SolutionConfigurationPlatforms) = preSolution
		Debug|Any CPU = Debug|Any CPU
		Release|Any CPU = Release|Any CPU
	EndGlobalSection
	GlobalSection(ProjectConfigurationPlatforms) = postSolution
		{5790923C-77E9-4ECB-865C-D11E85ABDBDF}.Debug|Any CPU.ActiveCfg = Debug|Any CPU
		{5790923C-77E9-4ECB-865C-D11E85ABDBDF}.Debug|Any CPU.Build.0 = Debug|Any CPU
		{5790923C-77E9-4ECB-865C-D11E85ABDBDF}.Release|Any CPU.ActiveCfg = Release|Any CPU
		{5790923C-77E9-4ECB-865C-D11E85ABDBDF}.Release|Any CPU.Build.0 = Release|Any CPU
		{EC428833-0E71-4E51-B404-E7EA4595654B}.Debug|Any CPU.ActiveCfg = Debug|Any CPU
		{EC428833-0E71-4E51-B404-E7EA4595654B}.Debug|Any CPU.Build.0 = Debug|Any CPU
		{EC428833-0E71-4E51-B404-E7EA4595654B}.Release|Any CPU.ActiveCfg = Release|Any CPU
		{EC428833-0E71-4E51-B404-E7EA4595654B}.Release|Any CPU.Build.0 = Release|Any CPU
	EndGlobalSection
	GlobalSection(SolutionProperties) = preSolution
		HideSolutionNode = FALSE
	EndGlobalSection
	GlobalSection(ExtensibilityGlobals) = postSolution
		SolutionGuid = {D928E8FB-A567-4817-A53B-DDCC12A35F2F}
	EndGlobalSection
EndGlobal
